
Microsoft Visual Studio Solution File, Format Version 12.00
# Visual Studio Version 17
VisualStudioVersion = 17.8.34525.116
MinimumVisualStudioVersion = 10.0.40219.1
Project("{9A19103F-16F7-4668-BE54-9A1E7A4F7556}") = "QuinonesBlazorIPT102", "QuinonesBlazorIPT102\QuinonesBlazorIPT102.csproj", "{0D7B6DD2-2597-4975-AB08-456279297302}"
EndProject
Project("{00D1A9C2-B5F0-4AF3-8072-F6C62B433612}") = "ProfileDB", "ProfileDB\ProfileDB.sqlproj", "{86A022A8-79F0-48C3-AA97-E012C087F066}"
EndProject
Global
	GlobalSection(SolutionConfigurationPlatforms) = preSolution
		Debug|Any CPU = Debug|Any CPU
		Release|Any CPU = Release|Any CPU
	EndGlobalSection
	GlobalSection(ProjectConfigurationPlatforms) = postSolution
		{0D7B6DD2-2597-4975-AB08-456279297302}.Debug|Any CPU.ActiveCfg = Debug|Any CPU
		{0D7B6DD2-2597-4975-AB08-456279297302}.Debug|Any CPU.Build.0 = Debug|Any CPU
		{0D7B6DD2-2597-4975-AB08-456279297302}.Release|Any CPU.ActiveCfg = Release|Any CPU
		{0D7B6DD2-2597-4975-AB08-456279297302}.Release|Any CPU.Build.0 = Release|Any CPU
		{86A022A8-79F0-48C3-AA97-E012C087F066}.Debug|Any CPU.ActiveCfg = Debug|Any CPU
		{86A022A8-79F0-48C3-AA97-E012C087F066}.Debug|Any CPU.Build.0 = Debug|Any CPU
		{86A022A8-79F0-48C3-AA97-E012C087F066}.Debug|Any CPU.Deploy.0 = Debug|Any CPU
		{86A022A8-79F0-48C3-AA97-E012C087F066}.Release|Any CPU.ActiveCfg = Release|Any CPU
		{86A022A8-79F0-48C3-AA97-E012C087F066}.Release|Any CPU.Build.0 = Release|Any CPU
		{86A022A8-79F0-48C3-AA97-E012C087F066}.Release|Any CPU.Deploy.0 = Release|Any CPU
	EndGlobalSection
	GlobalSection(SolutionProperties) = preSolution
		HideSolutionNode = FALSE
	EndGlobalSection
	GlobalSection(ExtensibilityGlobals) = postSolution
		SolutionGuid = {C9DC1198-B032-4729-A169-E956DE6E6F36}
	EndGlobalSection
EndGlobal
